
Microsoft Visual Studio Solution File, Format Version 12.00
# Visual Studio 15
Project("{FAE04EC0-301F-11D3-BF4B-00C04F79EFBC}") = "VuforiaScripts", "VuforiaScripts.csproj", "{9B0D979C-CA31-6C51-0786-BC7082A213A4}"
EndProject
Project("{FAE04EC0-301F-11D3-BF4B-00C04F79EFBC}") = "VuforiaEditorScripts", "VuforiaEditorScripts.csproj", "{F053F5EE-3F14-CFF8-3606-B276C277F6E7}"
EndProject
Global
	GlobalSection(SolutionConfigurationPlatforms) = preSolution
		Debug|Any CPU = Debug|Any CPU
		Release|Any CPU = Release|Any CPU
	EndGlobalSection
	GlobalSection(ProjectConfigurationPlatforms) = postSolution
		{9B0D979C-CA31-6C51-0786-BC7082A213A4}.Debug|Any CPU.ActiveCfg = Debug|Any CPU
		{9B0D979C-CA31-6C51-0786-BC7082A213A4}.Debug|Any CPU.Build.0 = Debug|Any CPU
		{9B0D979C-CA31-6C51-0786-BC7082A213A4}.Release|Any CPU.ActiveCfg = Release|Any CPU
		{9B0D979C-CA31-6C51-0786-BC7082A213A4}.Release|Any CPU.Build.0 = Release|Any CPU
		{F053F5EE-3F14-CFF8-3606-B276C277F6E7}.Debug|Any CPU.ActiveCfg = Debug|Any CPU
		{F053F5EE-3F14-CFF8-3606-B276C277F6E7}.Debug|Any CPU.Build.0 = Debug|Any CPU
		{F053F5EE-3F14-CFF8-3606-B276C277F6E7}.Release|Any CPU.ActiveCfg = Release|Any CPU
		{F053F5EE-3F14-CFF8-3606-B276C277F6E7}.Release|Any CPU.Build.0 = Release|Any CPU
	EndGlobalSection
	GlobalSection(SolutionProperties) = preSolution
		HideSolutionNode = FALSE
	EndGlobalSection
EndGlobal
